// !$*UTF8*$!
{
	archiveVersion = 1;
	classes = {
	};
	objectVersion = 50;
	objects = {

/* Begin PBXBuildFile section */
		880084072576A27600FED275 /* AppDelegate.swift in Sources */ = {isa = PBXBuildFile; fileRef = 880084062576A27600FED275 /* AppDelegate.swift */; };
		880084092576A27600FED275 /* SceneDelegate.swift in Sources */ = {isa = PBXBuildFile; fileRef = 880084082576A27600FED275 /* SceneDelegate.swift */; };
		8800840B2576A27600FED275 /* CurrentRatesVC.swift in Sources */ = {isa = PBXBuildFile; fileRef = 8800840A2576A27600FED275 /* CurrentRatesVC.swift */; };
		8800840E2576A27600FED275 /* Main.storyboard in Resources */ = {isa = PBXBuildFile; fileRef = 8800840C2576A27600FED275 /* Main.storyboard */; };
		880084102576A27E00FED275 /* Assets.xcassets in Resources */ = {isa = PBXBuildFile; fileRef = 8800840F2576A27E00FED275 /* Assets.xcassets */; };
		880084132576A27E00FED275 /* LaunchScreen.storyboard in Resources */ = {isa = PBXBuildFile; fileRef = 880084112576A27E00FED275 /* LaunchScreen.storyboard */; };
		880084232576B69800FED275 /* NetworkService.swift in Sources */ = {isa = PBXBuildFile; fileRef = 880084222576B69800FED275 /* NetworkService.swift */; };
		8800842625776E4600FED275 /* Currency.swift in Sources */ = {isa = PBXBuildFile; fileRef = 8800842525776E4600FED275 /* Currency.swift */; };
		8800842925777FC700FED275 /* CurrencyCell.swift in Sources */ = {isa = PBXBuildFile; fileRef = 8800842825777FC700FED275 /* CurrencyCell.swift */; };
		8800842C25778C6E00FED275 /* ConverterVC.swift in Sources */ = {isa = PBXBuildFile; fileRef = 8800842B25778C6E00FED275 /* ConverterVC.swift */; };
		8800842F2577974A00FED275 /* currencyToUAH.swift in Sources */ = {isa = PBXBuildFile; fileRef = 8800842E2577974A00FED275 /* currencyToUAH.swift */; };
		880084322577ADA200FED275 /* uahToCurrency.swift in Sources */ = {isa = PBXBuildFile; fileRef = 880084312577ADA100FED275 /* uahToCurrency.swift */; };
		880084352577DAC600FED275 /* DataProcessing.swift in Sources */ = {isa = PBXBuildFile; fileRef = 880084342577DAC600FED275 /* DataProcessing.swift */; };
/* End PBXBuildFile section */

/* Begin PBXFileReference section */
		880084032576A27600FED275 /* Converter.app */ = {isa = PBXFileReference; explicitFileType = wrapper.application; includeInIndex = 0; path = Converter.app; sourceTree = BUILT_PRODUCTS_DIR; };
		880084062576A27600FED275 /* AppDelegate.swift */ = {isa = PBXFileReference; lastKnownFileType = sourcecode.swift; path = AppDelegate.swift; sourceTree = "<group>"; };
		880084082576A27600FED275 /* SceneDelegate.swift */ = {isa = PBXFileReference; lastKnownFileType = sourcecode.swift; path = SceneDelegate.swift; sourceTree = "<group>"; };
		8800840A2576A27600FED275 /* CurrentRatesVC.swift */ = {isa = PBXFileReference; lastKnownFileType = sourcecode.swift; path = CurrentRatesVC.swift; sourceTree = "<group>"; };
		8800840D2576A27600FED275 /* Base */ = {isa = PBXFileReference; lastKnownFileType = file.storyboard; name = Base; path = Base.lproj/Main.storyboard; sourceTree = "<group>"; };
		8800840F2576A27E00FED275 /* Assets.xcassets */ = {isa = PBXFileReference; lastKnownFileType = folder.assetcatalog; path = Assets.xcassets; sourceTree = "<group>"; };
		880084122576A27E00FED275 /* Base */ = {isa = PBXFileReference; lastKnownFileType = file.storyboard; name = Base; path = Base.lproj/LaunchScreen.storyboard; sourceTree = "<group>"; };
		880084142576A27E00FED275 /* Info.plist */ = {isa = PBXFileReference; lastKnownFileType = text.plist.xml; path = Info.plist; sourceTree = "<group>"; };
		880084222576B69800FED275 /* NetworkService.swift */ = {isa = PBXFileReference; lastKnownFileType = sourcecode.swift; path = NetworkService.swift; sourceTree = "<group>"; };
		8800842525776E4600FED275 /* Currency.swift */ = {isa = PBXFileReference; lastKnownFileType = sourcecode.swift; path = Currency.swift; sourceTree = "<group>"; };
		8800842825777FC700FED275 /* CurrencyCell.swift */ = {isa = PBXFileReference; lastKnownFileType = sourcecode.swift; path = CurrencyCell.swift; sourceTree = "<group>"; };
		8800842B25778C6E00FED275 /* ConverterVC.swift */ = {isa = PBXFileReference; lastKnownFileType = sourcecode.swift; path = ConverterVC.swift; sourceTree = "<group>"; };
		8800842E2577974A00FED275 /* currencyToUAH.swift */ = {isa = PBXFileReference; lastKnownFileType = sourcecode.swift; path = currencyToUAH.swift; sourceTree = "<group>"; };
		880084312577ADA100FED275 /* uahToCurrency.swift */ = {isa = PBXFileReference; lastKnownFileType = sourcecode.swift; path = uahToCurrency.swift; sourceTree = "<group>"; };
		880084342577DAC600FED275 /* DataProcessing.swift */ = {isa = PBXFileReference; lastKnownFileType = sourcecode.swift; path = DataProcessing.swift; sourceTree = "<group>"; };
/* End PBXFileReference section */

/* Begin PBXFrameworksBuildPhase section */
		880084002576A27600FED275 /* Frameworks */ = {
			isa = PBXFrameworksBuildPhase;
			buildActionMask = 2147483647;
			files = (
			);
			runOnlyForDeploymentPostprocessing = 0;
		};
/* End PBXFrameworksBuildPhase section */

/* Begin PBXGroup section */
		880083FA2576A27500FED275 = {
			isa = PBXGroup;
			children = (
				880084052576A27600FED275 /* Converter */,
				880084042576A27600FED275 /* Products */,
			);
			sourceTree = "<group>";
		};
		880084042576A27600FED275 /* Products */ = {
			isa = PBXGroup;
			children = (
				880084032576A27600FED275 /* Converter.app */,
			);
			name = Products;
			sourceTree = "<group>";
		};
		880084052576A27600FED275 /* Converter */ = {
			isa = PBXGroup;
			children = (
				8800841F2576A33600FED275 /* Services */,
				8800841E2576A33000FED275 /* Model */,
				8800841D2576A32700FED275 /* View */,
				8800841B2576A30200FED275 /* Controller */,
				880084062576A27600FED275 /* AppDelegate.swift */,
				880084082576A27600FED275 /* SceneDelegate.swift */,
				8800840C2576A27600FED275 /* Main.storyboard */,
				8800840F2576A27E00FED275 /* Assets.xcassets */,
				880084112576A27E00FED275 /* LaunchScreen.storyboard */,
				880084142576A27E00FED275 /* Info.plist */,
			);
			path = Converter;
			sourceTree = "<group>";
		};
		8800841B2576A30200FED275 /* Controller */ = {
			isa = PBXGroup;
			children = (
				8800840A2576A27600FED275 /* CurrentRatesVC.swift */,
				8800842B25778C6E00FED275 /* ConverterVC.swift */,
			);
			path = Controller;
			sourceTree = "<group>";
		};
		8800841D2576A32700FED275 /* View */ = {
			isa = PBXGroup;
			children = (
				8800842825777FC700FED275 /* CurrencyCell.swift */,
			);
			path = View;
			sourceTree = "<group>";
		};
		8800841E2576A33000FED275 /* Model */ = {
			isa = PBXGroup;
			children = (
				8800842525776E4600FED275 /* Currency.swift */,
				8800842E2577974A00FED275 /* currencyToUAH.swift */,
				880084312577ADA100FED275 /* uahToCurrency.swift */,
			);
			path = Model;
			sourceTree = "<group>";
		};
		8800841F2576A33600FED275 /* Services */ = {
			isa = PBXGroup;
			children = (
				880084222576B69800FED275 /* NetworkService.swift */,
				880084342577DAC600FED275 /* DataProcessing.swift */,
			);
			path = Services;
			sourceTree = "<group>";
		};
/* End PBXGroup section */

/* Begin PBXNativeTarget section */
		880084022576A27600FED275 /* Converter */ = {
			isa = PBXNativeTarget;
			buildConfigurationList = 880084172576A27E00FED275 /* Build configuration list for PBXNativeTarget "Converter" */;
			buildPhases = (
				880083FF2576A27600FED275 /* Sources */,
				880084002576A27600FED275 /* Frameworks */,
				880084012576A27600FED275 /* Resources */,
			);
			buildRules = (
			);
			dependencies = (
			);
			name = Converter;
			productName = Converter;
			productReference = 880084032576A27600FED275 /* Converter.app */;
			productType = "com.apple.product-type.application";
		};
/* End PBXNativeTarget section */

/* Begin PBXProject section */
		880083FB2576A27500FED275 /* Project object */ = {
			isa = PBXProject;
			attributes = {
				LastSwiftUpdateCheck = 1220;
				LastUpgradeCheck = 1220;
				TargetAttributes = {
					880084022576A27600FED275 = {
						CreatedOnToolsVersion = 12.2;
					};
				};
			};
			buildConfigurationList = 880083FE2576A27500FED275 /* Build configuration list for PBXProject "Converter" */;
			compatibilityVersion = "Xcode 9.3";
			developmentRegion = en;
			hasScannedForEncodings = 0;
			knownRegions = (
				en,
				Base,
			);
			mainGroup = 880083FA2576A27500FED275;
			productRefGroup = 880084042576A27600FED275 /* Products */;
			projectDirPath = "";
			projectRoot = "";
			targets = (
				880084022576A27600FED275 /* Converter */,
			);
		};
/* End PBXProject section */

/* Begin PBXResourcesBuildPhase section */
		880084012576A27600FED275 /* Resources */ = {
			isa = PBXResourcesBuildPhase;
			buildActionMask = 2147483647;
			files = (
				880084132576A27E00FED275 /* LaunchScreen.storyboard in Resources */,
				880084102576A27E00FED275 /* Assets.xcassets in Resources */,
				8800840E2576A27600FED275 /* Main.storyboard in Resources */,
			);
			runOnlyForDeploymentPostprocessing = 0;
		};
/* End PBXResourcesBuildPhase section */

/* Begin PBXSourcesBuildPhase section */
		880083FF2576A27600FED275 /* Sources */ = {
			isa = PBXSourcesBuildPhase;
			buildActionMask = 2147483647;
			files = (
				8800842925777FC700FED275 /* CurrencyCell.swift in Sources */,
				880084322577ADA200FED275 /* uahToCurrency.swift in Sources */,
				8800840B2576A27600FED275 /* CurrentRatesVC.swift in Sources */,
				8800842F2577974A00FED275 /* currencyToUAH.swift in Sources */,
				8800842625776E4600FED275 /* Currency.swift in Sources */,
				8800842C25778C6E00FED275 /* ConverterVC.swift in Sources */,
				880084072576A27600FED275 /* AppDelegate.swift in Sources */,
				880084232576B69800FED275 /* NetworkService.swift in Sources */,
				880084352577DAC600FED275 /* DataProcessing.swift in Sources */,
				880084092576A27600FED275 /* SceneDelegate.swift in Sources */,
			);
			runOnlyForDeploymentPostprocessing = 0;
		};
/* End PBXSourcesBuildPhase section */

/* Begin PBXVariantGroup section */
		8800840C2576A27600FED275 /* Main.storyboard */ = {
			isa = PBXVariantGroup;
			children = (
				8800840D2576A27600FED275 /* Base */,
			);
			name = Main.storyboard;
			sourceTree = "<group>";
		};
		880084112576A27E00FED275 /* LaunchScreen.storyboard */ = {
			isa = PBXVariantGroup;
			children = (
				880084122576A27E00FED275 /* Base */,
			);
			name = LaunchScreen.storyboard;
			sourceTree = "<group>";
		};
/* End PBXVariantGroup section */

/* Begin XCBuildConfiguration section */
		880084152576A27E00FED275 /* Debug */ = {
			isa = XCBuildConfiguration;
			buildSettings = {
				ALWAYS_SEARCH_USER_PATHS = NO;
				CLANG_ANALYZER_NONNULL = YES;
				CLANG_ANALYZER_NUMBER_OBJECT_CONVERSION = YES_AGGRESSIVE;
				CLANG_CXX_LANGUAGE_STANDARD = "gnu++14";
				CLANG_CXX_LIBRARY = "libc++";
				CLANG_ENABLE_MODULES = YES;
				CLANG_ENABLE_OBJC_ARC = YES;
				CLANG_ENABLE_OBJC_WEAK = YES;
				CLANG_WARN_BLOCK_CAPTURE_AUTORELEASING = YES;
				CLANG_WARN_BOOL_CONVERSION = YES;
				CLANG_WARN_COMMA = YES;
				CLANG_WARN_CONSTANT_CONVERSION = YES;
				CLANG_WARN_DEPRECATED_OBJC_IMPLEMENTATIONS = YES;
				CLANG_WARN_DIRECT_OBJC_ISA_USAGE = YES_ERROR;
				CLANG_WARN_DOCUMENTATION_COMMENTS = YES;
				CLANG_WARN_EMPTY_BODY = YES;
				CLANG_WARN_ENUM_CONVERSION = YES;
				CLANG_WARN_INFINITE_RECURSION = YES;
				CLANG_WARN_INT_CONVERSION = YES;
				CLANG_WARN_NON_LITERAL_NULL_CONVERSION = YES;
				CLANG_WARN_OBJC_IMPLICIT_RETAIN_SELF = YES;
				CLANG_WARN_OBJC_LITERAL_CONVERSION = YES;
				CLANG_WARN_OBJC_ROOT_CLASS = YES_ERROR;
				CLANG_WARN_QUOTED_INCLUDE_IN_FRAMEWORK_HEADER = YES;
				CLANG_WARN_RANGE_LOOP_ANALYSIS = YES;
				CLANG_WARN_STRICT_PROTOTYPES = YES;
				CLANG_WARN_SUSPICIOUS_MOVE = YES;
				CLANG_WARN_UNGUARDED_AVAILABILITY = YES_AGGRESSIVE;
				CLANG_WARN_UNREACHABLE_CODE = YES;
				CLANG_WARN__DUPLICATE_METHOD_MATCH = YES;
				COPY_PHASE_STRIP = NO;
				DEBUG_INFORMATION_FORMAT = dwarf;
				ENABLE_STRICT_OBJC_MSGSEND = YES;
				ENABLE_TESTABILITY = YES;
				GCC_C_LANGUAGE_STANDARD = gnu11;
				GCC_DYNAMIC_NO_PIC = NO;
				GCC_NO_COMMON_BLOCKS = YES;
				GCC_OPTIMIZATION_LEVEL = 0;
				GCC_PREPROCESSOR_DEFINITIONS = (
					"DEBUG=1",
					"$(inherited)",
				);
				GCC_WARN_64_TO_32_BIT_CONVERSION = YES;
				GCC_WARN_ABOUT_RETURN_TYPE = YES_ERROR;
				GCC_WARN_UNDECLARED_SELECTOR = YES;
				GCC_WARN_UNINITIALIZED_AUTOS = YES_AGGRESSIVE;
				GCC_WARN_UNUSED_FUNCTION = YES;
				GCC_WARN_UNUSED_VARIABLE = YES;
				IPHONEOS_DEPLOYMENT_TARGET = 14.2;
				MTL_ENABLE_DEBUG_INFO = INCLUDE_SOURCE;
				MTL_FAST_MATH = YES;
				ONLY_ACTIVE_ARCH = YES;
				SDKROOT = iphoneos;
				SWIFT_ACTIVE_COMPILATION_CONDITIONS = DEBUG;
				SWIFT_OPTIMIZATION_LEVEL = "-Onone";
			};
			name = Debug;
		};
		880084162576A27E00FED275 /* Release */ = {
			isa = XCBuildConfiguration;
			buildSettings = {
				ALWAYS_SEARCH_USER_PATHS = NO;
				CLANG_ANALYZER_NONNULL = YES;
				CLANG_ANALYZER_NUMBER_OBJECT_CONVERSION = YES_AGGRESSIVE;
				CLANG_CXX_LANGUAGE_STANDARD = "gnu++14";
				CLANG_CXX_LIBRARY = "libc++";
				CLANG_ENABLE_MODULES = YES;
				CLANG_ENABLE_OBJC_ARC = YES;
				CLANG_ENABLE_OBJC_WEAK = YES;
				CLANG_WARN_BLOCK_CAPTURE_AUTORELEASING = YES;
				CLANG_WARN_BOOL_CONVERSION = YES;
				CLANG_WARN_COMMA = YES;
				CLANG_WARN_CONSTANT_CONVERSION = YES;
				CLANG_WARN_DEPRECATED_OBJC_IMPLEMENTATIONS = YES;
				CLANG_WARN_DIRECT_OBJC_ISA_USAGE = YES_ERROR;
				CLANG_WARN_DOCUMENTATION_COMMENTS = YES;
				CLANG_WARN_EMPTY_BODY = YES;
				CLANG_WARN_ENUM_CONVERSION = YES;
				CLANG_WARN_INFINITE_RECURSION = YES;
				CLANG_WARN_INT_CONVERSION = YES;
				CLANG_WARN_NON_LITERAL_NULL_CONVERSION = YES;
				CLANG_WARN_OBJC_IMPLICIT_RETAIN_SELF = YES;
				CLANG_WARN_OBJC_LITERAL_CONVERSION = YES;
				CLANG_WARN_OBJC_ROOT_CLASS = YES_ERROR;
				CLANG_WARN_QUOTED_INCLUDE_IN_FRAMEWORK_HEADER = YES;
				CLANG_WARN_RANGE_LOOP_ANALYSIS = YES;
				CLANG_WARN_STRICT_PROTOTYPES = YES;
				CLANG_WARN_SUSPICIOUS_MOVE = YES;
				CLANG_WARN_UNGUARDED_AVAILABILITY = YES_AGGRESSIVE;
				CLANG_WARN_UNREACHABLE_CODE = YES;
				CLANG_WARN__DUPLICATE_METHOD_MATCH = YES;
				COPY_PHASE_STRIP = NO;
				DEBUG_INFORMATION_FORMAT = "dwarf-with-dsym";
				ENABLE_NS_ASSERTIONS = NO;
				ENABLE_STRICT_OBJC_MSGSEND = YES;
				GCC_C_LANGUAGE_STANDARD = gnu11;
				GCC_NO_COMMON_BLOCKS = YES;
				GCC_WARN_64_TO_32_BIT_CONVERSION = YES;
				GCC_WARN_ABOUT_RETURN_TYPE = YES_ERROR;
				GCC_WARN_UNDECLARED_SELECTOR = YES;
				GCC_WARN_UNINITIALIZED_AUTOS = YES_AGGRESSIVE;
				GCC_WARN_UNUSED_FUNCTION = YES;
				GCC_WARN_UNUSED_VARIABLE = YES;
				IPHONEOS_DEPLOYMENT_TARGET = 14.2;
				MTL_ENABLE_DEBUG_INFO = NO;
				MTL_FAST_MATH = YES;
				SDKROOT = iphoneos;
				SWIFT_COMPILATION_MODE = wholemodule;
				SWIFT_OPTIMIZATION_LEVEL = "-O";
				VALIDATE_PRODUCT = YES;
			};
			name = Release;
		};
		880084182576A27E00FED275 /* Debug */ = {
			isa = XCBuildConfiguration;
			buildSettings = {
				ASSETCATALOG_COMPILER_APPICON_NAME = AppIcon;
				ASSETCATALOG_COMPILER_GLOBAL_ACCENT_COLOR_NAME = AccentColor;
				CODE_SIGN_STYLE = Automatic;
				DEVELOPMENT_TEAM = 58Y54YM5MN;
				INFOPLIST_FILE = Converter/Info.plist;
				LD_RUNPATH_SEARCH_PATHS = (
					"$(inherited)",
					"@executable_path/Frameworks",
				);
				PRODUCT_BUNDLE_IDENTIFIER = dranchuk.Converter;
				PRODUCT_NAME = "$(TARGET_NAME)";
				SWIFT_VERSION = 5.0;
				TARGETED_DEVICE_FAMILY = "1,2";
			};
			name = Debug;
		};
		880084192576A27E00FED275 /* Release */ = {
			isa = XCBuildConfiguration;
			buildSettings = {
				ASSETCATALOG_COMPILER_APPICON_NAME = AppIcon;
				ASSETCATALOG_COMPILER_GLOBAL_ACCENT_COLOR_NAME = AccentColor;
				CODE_SIGN_STYLE = Automatic;
				DEVELOPMENT_TEAM = 58Y54YM5MN;
				INFOPLIST_FILE = Converter/Info.plist;
				LD_RUNPATH_SEARCH_PATHS = (
					"$(inherited)",
					"@executable_path/Frameworks",
				);
				PRODUCT_BUNDLE_IDENTIFIER = dranchuk.Converter;
				PRODUCT_NAME = "$(TARGET_NAME)";
				SWIFT_VERSION = 5.0;
				TARGETED_DEVICE_FAMILY = "1,2";
			};
			name = Release;
		};
/* End XCBuildConfiguration section */

/* Begin XCConfigurationList section */
		880083FE2576A27500FED275 /* Build configuration list for PBXProject "Converter" */ = {
			isa = XCConfigurationList;
			buildConfigurations = (
				880084152576A27E00FED275 /* Debug */,
				880084162576A27E00FED275 /* Release */,
			);
			defaultConfigurationIsVisible = 0;
			defaultConfigurationName = Release;
		};
		880084172576A27E00FED275 /* Build configuration list for PBXNativeTarget "Converter" */ = {
			isa = XCConfigurationList;
			buildConfigurations = (
				880084182576A27E00FED275 /* Debug */,
				880084192576A27E00FED275 /* Release */,
			);
			defaultConfigurationIsVisible = 0;
			defaultConfigurationName = Release;
		};
/* End XCConfigurationList section */
	};
	rootObject = 880083FB2576A27500FED275 /* Project object */;
}
